
Microsoft Visual Studio Solution File, Format Version 12.00
Project("{2150E333-8FDC-42A3-9474-1A3956D46DE8}") = "src", "src", "{D8CEC04E-9FDC-4820-ABF8-BC1705B0E33D}"
EndProject
Project("{FAE04EC0-301F-11D3-BF4B-00C04F79EFBC}") = "FactoryPattern", "src\FactoryPattern\FactoryPattern.csproj", "{00C47B2A-2FE1-4184-A21E-61E0F443FC6B}"
EndProject
Project("{FAE04EC0-301F-11D3-BF4B-00C04F79EFBC}") = "AbstractFactory", "src\AbstractFactory\AbstractFactory.csproj", "{6D106EAD-8C75-4756-BF7C-2965ED59C930}"
EndProject
Project("{FAE04EC0-301F-11D3-BF4B-00C04F79EFBC}") = "SingletonPattern", "src\SingletonPattern\SingletonPattern.csproj", "{4F4C6C52-43E2-4164-866D-BD5385226DC5}"
EndProject
Project("{FAE04EC0-301F-11D3-BF4B-00C04F79EFBC}") = "BuilderPattern", "src\BuilderPattern\BuilderPattern.csproj", "{66E03F9D-146A-43B0-99B0-DFDE26C2C01F}"
EndProject
Project("{FAE04EC0-301F-11D3-BF4B-00C04F79EFBC}") = "PrototypePattern", "src\PrototypePattern\PrototypePattern.csproj", "{B91C4BC6-26A1-4111-B8DA-B69B045FE497}"
EndProject
Project("{FAE04EC0-301F-11D3-BF4B-00C04F79EFBC}") = "BridgePattern", "src\BridgePattern\BridgePattern.csproj", "{71791684-6BF4-4B20-9250-FA37389095B5}"
EndProject
Project("{FAE04EC0-301F-11D3-BF4B-00C04F79EFBC}") = "FilterPattern", "src\FilterPattern\FilterPattern.csproj", "{5AC183B8-FD88-4364-8B89-5D299A80F8B2}"
EndProject
Global
	GlobalSection(SolutionConfigurationPlatforms) = preSolution
		Debug|Any CPU = Debug|Any CPU
		Release|Any CPU = Release|Any CPU
	EndGlobalSection
	GlobalSection(ProjectConfigurationPlatforms) = postSolution
		{00C47B2A-2FE1-4184-A21E-61E0F443FC6B}.Debug|Any CPU.ActiveCfg = Debug|Any CPU
		{00C47B2A-2FE1-4184-A21E-61E0F443FC6B}.Debug|Any CPU.Build.0 = Debug|Any CPU
		{00C47B2A-2FE1-4184-A21E-61E0F443FC6B}.Release|Any CPU.ActiveCfg = Release|Any CPU
		{00C47B2A-2FE1-4184-A21E-61E0F443FC6B}.Release|Any CPU.Build.0 = Release|Any CPU
		{6D106EAD-8C75-4756-BF7C-2965ED59C930}.Debug|Any CPU.ActiveCfg = Debug|Any CPU
		{6D106EAD-8C75-4756-BF7C-2965ED59C930}.Debug|Any CPU.Build.0 = Debug|Any CPU
		{6D106EAD-8C75-4756-BF7C-2965ED59C930}.Release|Any CPU.ActiveCfg = Release|Any CPU
		{6D106EAD-8C75-4756-BF7C-2965ED59C930}.Release|Any CPU.Build.0 = Release|Any CPU
		{4F4C6C52-43E2-4164-866D-BD5385226DC5}.Debug|Any CPU.ActiveCfg = Debug|Any CPU
		{4F4C6C52-43E2-4164-866D-BD5385226DC5}.Debug|Any CPU.Build.0 = Debug|Any CPU
		{4F4C6C52-43E2-4164-866D-BD5385226DC5}.Release|Any CPU.ActiveCfg = Release|Any CPU
		{4F4C6C52-43E2-4164-866D-BD5385226DC5}.Release|Any CPU.Build.0 = Release|Any CPU
		{66E03F9D-146A-43B0-99B0-DFDE26C2C01F}.Debug|Any CPU.ActiveCfg = Debug|Any CPU
		{66E03F9D-146A-43B0-99B0-DFDE26C2C01F}.Debug|Any CPU.Build.0 = Debug|Any CPU
		{66E03F9D-146A-43B0-99B0-DFDE26C2C01F}.Release|Any CPU.ActiveCfg = Release|Any CPU
		{66E03F9D-146A-43B0-99B0-DFDE26C2C01F}.Release|Any CPU.Build.0 = Release|Any CPU
		{B91C4BC6-26A1-4111-B8DA-B69B045FE497}.Debug|Any CPU.ActiveCfg = Debug|Any CPU
		{B91C4BC6-26A1-4111-B8DA-B69B045FE497}.Debug|Any CPU.Build.0 = Debug|Any CPU
		{B91C4BC6-26A1-4111-B8DA-B69B045FE497}.Release|Any CPU.ActiveCfg = Release|Any CPU
		{B91C4BC6-26A1-4111-B8DA-B69B045FE497}.Release|Any CPU.Build.0 = Release|Any CPU
		{71791684-6BF4-4B20-9250-FA37389095B5}.Debug|Any CPU.ActiveCfg = Debug|Any CPU
		{71791684-6BF4-4B20-9250-FA37389095B5}.Debug|Any CPU.Build.0 = Debug|Any CPU
		{71791684-6BF4-4B20-9250-FA37389095B5}.Release|Any CPU.ActiveCfg = Release|Any CPU
		{71791684-6BF4-4B20-9250-FA37389095B5}.Release|Any CPU.Build.0 = Release|Any CPU
		{5AC183B8-FD88-4364-8B89-5D299A80F8B2}.Debug|Any CPU.ActiveCfg = Debug|Any CPU
		{5AC183B8-FD88-4364-8B89-5D299A80F8B2}.Debug|Any CPU.Build.0 = Debug|Any CPU
		{5AC183B8-FD88-4364-8B89-5D299A80F8B2}.Release|Any CPU.ActiveCfg = Release|Any CPU
		{5AC183B8-FD88-4364-8B89-5D299A80F8B2}.Release|Any CPU.Build.0 = Release|Any CPU
	EndGlobalSection
	GlobalSection(NestedProjects) = preSolution
		{00C47B2A-2FE1-4184-A21E-61E0F443FC6B} = {D8CEC04E-9FDC-4820-ABF8-BC1705B0E33D}
		{6D106EAD-8C75-4756-BF7C-2965ED59C930} = {D8CEC04E-9FDC-4820-ABF8-BC1705B0E33D}
		{4F4C6C52-43E2-4164-866D-BD5385226DC5} = {D8CEC04E-9FDC-4820-ABF8-BC1705B0E33D}
		{66E03F9D-146A-43B0-99B0-DFDE26C2C01F} = {D8CEC04E-9FDC-4820-ABF8-BC1705B0E33D}
		{B91C4BC6-26A1-4111-B8DA-B69B045FE497} = {D8CEC04E-9FDC-4820-ABF8-BC1705B0E33D}
		{71791684-6BF4-4B20-9250-FA37389095B5} = {D8CEC04E-9FDC-4820-ABF8-BC1705B0E33D}
		{5AC183B8-FD88-4364-8B89-5D299A80F8B2} = {D8CEC04E-9FDC-4820-ABF8-BC1705B0E33D}
	EndGlobalSection
EndGlobal
